
Microsoft Visual Studio Solution File, Format Version 12.00
# Visual Studio 15
Project("{FAE04EC0-301F-11D3-BF4B-00C04F79EFBC}") = "Polyperfect.Universal", "Polyperfect.Universal.csproj", "{57120D36-1E84-B77F-A244-5CE816F3B4EE}"
EndProject
Project("{FAE04EC0-301F-11D3-BF4B-00C04F79EFBC}") = "Assembly-CSharp", "Assembly-CSharp.csproj", "{FED6CC40-8948-DD19-68AC-E3DF13C42D94}"
EndProject
Global
	GlobalSection(SolutionConfigurationPlatforms) = preSolution
		Debug|Any CPU = Debug|Any CPU
		Release|Any CPU = Release|Any CPU
	EndGlobalSection
	GlobalSection(ProjectConfigurationPlatforms) = postSolution
		{57120D36-1E84-B77F-A244-5CE816F3B4EE}.Debug|Any CPU.ActiveCfg = Debug|Any CPU
		{57120D36-1E84-B77F-A244-5CE816F3B4EE}.Debug|Any CPU.Build.0 = Debug|Any CPU
		{57120D36-1E84-B77F-A244-5CE816F3B4EE}.Release|Any CPU.ActiveCfg = Release|Any CPU
		{57120D36-1E84-B77F-A244-5CE816F3B4EE}.Release|Any CPU.Build.0 = Release|Any CPU
		{FED6CC40-8948-DD19-68AC-E3DF13C42D94}.Debug|Any CPU.ActiveCfg = Debug|Any CPU
		{FED6CC40-8948-DD19-68AC-E3DF13C42D94}.Debug|Any CPU.Build.0 = Debug|Any CPU
		{FED6CC40-8948-DD19-68AC-E3DF13C42D94}.Release|Any CPU.ActiveCfg = Release|Any CPU
		{FED6CC40-8948-DD19-68AC-E3DF13C42D94}.Release|Any CPU.Build.0 = Release|Any CPU
	EndGlobalSection
	GlobalSection(SolutionProperties) = preSolution
		HideSolutionNode = FALSE
	EndGlobalSection
EndGlobal
